
Microsoft Visual Studio Solution File, Format Version 12.00
# Visual Studio Version 17
VisualStudioVersion = 17.3.32901.215
MinimumVisualStudioVersion = 10.0.40219.1
Project("{FAE04EC0-301F-11D3-BF4B-00C04F79EFBC}") = "NLayerApp.DAL", "NLayerApp.DAL\NLayerApp.DAL.csproj", "{1337C793-702A-41EC-B453-C3D5D1F51507}"
EndProject
Project("{FAE04EC0-301F-11D3-BF4B-00C04F79EFBC}") = "NLayerApp.BLL", "NLayerApp.BLL\NLayerApp.BLL.csproj", "{936BF7C5-6DF6-4FD9-B4C8-FF830D9AD55A}"
EndProject
Project("{FAE04EC0-301F-11D3-BF4B-00C04F79EFBC}") = "NLayerApp.WebAPI", "NLayerApp.WebAPI\NLayerApp.WebAPI.csproj", "{DDFFA021-0CEB-4195-88AA-8BCB31A87FFC}"
EndProject
Global
	GlobalSection(SolutionConfigurationPlatforms) = preSolution
		Debug|Any CPU = Debug|Any CPU
		Release|Any CPU = Release|Any CPU
	EndGlobalSection
	GlobalSection(ProjectConfigurationPlatforms) = postSolution
		{1337C793-702A-41EC-B453-C3D5D1F51507}.Debug|Any CPU.ActiveCfg = Debug|Any CPU
		{1337C793-702A-41EC-B453-C3D5D1F51507}.Debug|Any CPU.Build.0 = Debug|Any CPU
		{1337C793-702A-41EC-B453-C3D5D1F51507}.Release|Any CPU.ActiveCfg = Release|Any CPU
		{1337C793-702A-41EC-B453-C3D5D1F51507}.Release|Any CPU.Build.0 = Release|Any CPU
		{936BF7C5-6DF6-4FD9-B4C8-FF830D9AD55A}.Debug|Any CPU.ActiveCfg = Debug|Any CPU
		{936BF7C5-6DF6-4FD9-B4C8-FF830D9AD55A}.Debug|Any CPU.Build.0 = Debug|Any CPU
		{936BF7C5-6DF6-4FD9-B4C8-FF830D9AD55A}.Release|Any CPU.ActiveCfg = Release|Any CPU
		{936BF7C5-6DF6-4FD9-B4C8-FF830D9AD55A}.Release|Any CPU.Build.0 = Release|Any CPU
		{DDFFA021-0CEB-4195-88AA-8BCB31A87FFC}.Debug|Any CPU.ActiveCfg = Debug|Any CPU
		{DDFFA021-0CEB-4195-88AA-8BCB31A87FFC}.Debug|Any CPU.Build.0 = Debug|Any CPU
		{DDFFA021-0CEB-4195-88AA-8BCB31A87FFC}.Release|Any CPU.ActiveCfg = Release|Any CPU
		{DDFFA021-0CEB-4195-88AA-8BCB31A87FFC}.Release|Any CPU.Build.0 = Release|Any CPU
	EndGlobalSection
	GlobalSection(SolutionProperties) = preSolution
		HideSolutionNode = FALSE
	EndGlobalSection
	GlobalSection(ExtensibilityGlobals) = postSolution
		SolutionGuid = {A79509D7-618D-4CD2-AABE-370AA3DEEC70}
	EndGlobalSection
EndGlobal
